
Microsoft Visual Studio Solution File, Format Version 12.00
# Visual Studio Version 17
VisualStudioVersion = 17.0.31903.59
MinimumVisualStudioVersion = 10.0.40219.1
Project("{FAE04EC0-301F-11D3-BF4B-00C04F79EFBC}") = "Novibet.CurrencyApi", "Novibet.CurrencyApi\Novibet.CurrencyApi.csproj", "{989A9720-E4F3-4DCB-9176-3BA8E1007277}"
EndProject
Project("{FAE04EC0-301F-11D3-BF4B-00C04F79EFBC}") = "Novibet.Application", "Novibet.Application\Novibet.Application.csproj", "{7E769904-6C24-4179-99C7-88A48248B35D}"
EndProject
Project("{FAE04EC0-301F-11D3-BF4B-00C04F79EFBC}") = "Novibet.Infrastructure", "Novibet.Infrastructure\Novibet.Infrastructure.csproj", "{B4BA4462-3229-49D7-87FB-385ABA53DCB0}"
EndProject
Project("{FAE04EC0-301F-11D3-BF4B-00C04F79EFBC}") = "Novibet.Domain", "Novibet.Domain\Novibet.Domain.csproj", "{E6DE510B-03AF-44C4-9103-12CC6CD8397F}"
EndProject
Project("{FAE04EC0-301F-11D3-BF4B-00C04F79EFBC}") = "Novibet.Tests", "Novibet.Tests\Novibet.Tests.csproj", "{061452C6-6C6C-41EF-B41F-482D7D8A35AA}"
EndProject
Project("{FAE04EC0-301F-11D3-BF4B-00C04F79EFBC}") = "Novibet.EcbGateway", "Novibet.EcbGateway\Novibet.EcbGateway.csproj", "{D8D22E5E-D337-4403-B7EA-5C9D4E5E5965}"
EndProject
Global
	GlobalSection(SolutionConfigurationPlatforms) = preSolution
		Debug|Any CPU = Debug|Any CPU
		Release|Any CPU = Release|Any CPU
	EndGlobalSection
	GlobalSection(SolutionProperties) = preSolution
		HideSolutionNode = FALSE
	EndGlobalSection
	GlobalSection(ProjectConfigurationPlatforms) = postSolution
		{989A9720-E4F3-4DCB-9176-3BA8E1007277}.Debug|Any CPU.ActiveCfg = Debug|Any CPU
		{989A9720-E4F3-4DCB-9176-3BA8E1007277}.Debug|Any CPU.Build.0 = Debug|Any CPU
		{989A9720-E4F3-4DCB-9176-3BA8E1007277}.Release|Any CPU.ActiveCfg = Release|Any CPU
		{989A9720-E4F3-4DCB-9176-3BA8E1007277}.Release|Any CPU.Build.0 = Release|Any CPU
		{7E769904-6C24-4179-99C7-88A48248B35D}.Debug|Any CPU.ActiveCfg = Debug|Any CPU
		{7E769904-6C24-4179-99C7-88A48248B35D}.Debug|Any CPU.Build.0 = Debug|Any CPU
		{7E769904-6C24-4179-99C7-88A48248B35D}.Release|Any CPU.ActiveCfg = Release|Any CPU
		{7E769904-6C24-4179-99C7-88A48248B35D}.Release|Any CPU.Build.0 = Release|Any CPU
		{B4BA4462-3229-49D7-87FB-385ABA53DCB0}.Debug|Any CPU.ActiveCfg = Debug|Any CPU
		{B4BA4462-3229-49D7-87FB-385ABA53DCB0}.Debug|Any CPU.Build.0 = Debug|Any CPU
		{B4BA4462-3229-49D7-87FB-385ABA53DCB0}.Release|Any CPU.ActiveCfg = Release|Any CPU
		{B4BA4462-3229-49D7-87FB-385ABA53DCB0}.Release|Any CPU.Build.0 = Release|Any CPU
		{E6DE510B-03AF-44C4-9103-12CC6CD8397F}.Debug|Any CPU.ActiveCfg = Debug|Any CPU
		{E6DE510B-03AF-44C4-9103-12CC6CD8397F}.Debug|Any CPU.Build.0 = Debug|Any CPU
		{E6DE510B-03AF-44C4-9103-12CC6CD8397F}.Release|Any CPU.ActiveCfg = Release|Any CPU
		{E6DE510B-03AF-44C4-9103-12CC6CD8397F}.Release|Any CPU.Build.0 = Release|Any CPU
		{061452C6-6C6C-41EF-B41F-482D7D8A35AA}.Debug|Any CPU.ActiveCfg = Debug|Any CPU
		{061452C6-6C6C-41EF-B41F-482D7D8A35AA}.Debug|Any CPU.Build.0 = Debug|Any CPU
		{061452C6-6C6C-41EF-B41F-482D7D8A35AA}.Release|Any CPU.ActiveCfg = Release|Any CPU
		{061452C6-6C6C-41EF-B41F-482D7D8A35AA}.Release|Any CPU.Build.0 = Release|Any CPU
		{D8D22E5E-D337-4403-B7EA-5C9D4E5E5965}.Debug|Any CPU.ActiveCfg = Debug|Any CPU
		{D8D22E5E-D337-4403-B7EA-5C9D4E5E5965}.Debug|Any CPU.Build.0 = Debug|Any CPU
		{D8D22E5E-D337-4403-B7EA-5C9D4E5E5965}.Release|Any CPU.ActiveCfg = Release|Any CPU
		{D8D22E5E-D337-4403-B7EA-5C9D4E5E5965}.Release|Any CPU.Build.0 = Release|Any CPU
	EndGlobalSection
EndGlobal
